
Microsoft Visual Studio Solution File, Format Version 12.00
# Visual Studio Version 17
VisualStudioVersion = 17.5.002.0
MinimumVisualStudioVersion = 10.0.40219.1
Project("{2150E333-8FDC-42A3-9474-1A3956D46DE8}") = "csharp-prep", "csharp-prep", "{11AB1F6A-144B-477B-B532-6A92111B1357}"
EndProject
Project("{9A19103F-16F7-4668-BE54-9A1E7A4F7556}") = "Prep1", "csharp-prep\Prep1\Prep1.csproj", "{04E9BE1C-BD9E-409B-BEDC-889246212BD8}"
EndProject
Project("{9A19103F-16F7-4668-BE54-9A1E7A4F7556}") = "Prep2", "csharp-prep\Prep2\Prep2.csproj", "{AC9D40F4-EC90-4829-A781-EF2B0CB1391B}"
EndProject
Project("{9A19103F-16F7-4668-BE54-9A1E7A4F7556}") = "Prep3", "csharp-prep\Prep3\Prep3.csproj", "{39881FCA-70A5-45D7-81E8-628C2773B160}"
EndProject
Project("{9A19103F-16F7-4668-BE54-9A1E7A4F7556}") = "Prep4", "csharp-prep\Prep4\Prep4.csproj", "{9929CC6E-EBC0-4668-9EA0-DAF469BC49AE}"
EndProject
Project("{9A19103F-16F7-4668-BE54-9A1E7A4F7556}") = "Prep5", "csharp-prep\Prep5\Prep5.csproj", "{A97BE385-49FF-4AFF-B30D-225EF22ABB1A}"
EndProject
Project("{2150E333-8FDC-42A3-9474-1A3956D46DE8}") = "final", "final", "{C91FBE00-E8A5-4DBE-A52B-EABDF329CFF9}"
EndProject
Project("{9A19103F-16F7-4668-BE54-9A1E7A4F7556}") = "FinalProject", "final\FinalProject\FinalProject.csproj", "{F3B2A1EA-7E4A-4729-ADBC-210735119B54}"
EndProject
Project("{9A19103F-16F7-4668-BE54-9A1E7A4F7556}") = "Foundation1", "final\Foundation1\Foundation1.csproj", "{26DB2000-7914-40A5-AB40-727653088C63}"
EndProject
Project("{9A19103F-16F7-4668-BE54-9A1E7A4F7556}") = "Foundation2", "final\Foundation2\Foundation2.csproj", "{F113D29F-BC57-43D1-BF60-781D785B60FA}"
EndProject
Project("{9A19103F-16F7-4668-BE54-9A1E7A4F7556}") = "Foundation3", "final\Foundation3\Foundation3.csproj", "{C8A53FED-81FA-4F34-A043-5C4163DFBEEF}"
EndProject
Project("{9A19103F-16F7-4668-BE54-9A1E7A4F7556}") = "Foundation4", "final\Foundation4\Foundation4.csproj", "{B2950FB3-2CDA-4C5E-A1D0-8D8EB3565F3E}"
EndProject
Project("{2150E333-8FDC-42A3-9474-1A3956D46DE8}") = "prepare", "prepare", "{7B267765-C921-40E8-9B9C-2365095C16B3}"
EndProject
Project("{9A19103F-16F7-4668-BE54-9A1E7A4F7556}") = "Learning02", "prepare\Learning02\Learning02.csproj", "{ADA09436-398E-44E8-83D2-7FCF51232D06}"
EndProject
Project("{9A19103F-16F7-4668-BE54-9A1E7A4F7556}") = "Learning03", "prepare\Learning03\Learning03.csproj", "{75770F7B-88E4-4EF8-BB0B-ADCF1F889935}"
EndProject
Project("{9A19103F-16F7-4668-BE54-9A1E7A4F7556}") = "Learning04", "prepare\Learning04\Learning04.csproj", "{3C73AAF2-88D5-4149-9443-AEF8087495FF}"
EndProject
Project("{9A19103F-16F7-4668-BE54-9A1E7A4F7556}") = "Learning05", "prepare\Learning05\Learning05.csproj", "{2B8B8A3B-A652-49A2-B29A-9D390B935216}"
EndProject
Project("{2150E333-8FDC-42A3-9474-1A3956D46DE8}") = "prove", "prove", "{AC48ECE3-2B56-4798-86AB-28B44524E387}"
EndProject
Project("{9A19103F-16F7-4668-BE54-9A1E7A4F7556}") = "Develop02", "prove\Develop02\Develop02.csproj", "{26A01689-446D-4D2C-82E2-0DF32E595681}"
EndProject
Project("{9A19103F-16F7-4668-BE54-9A1E7A4F7556}") = "Develop03", "prove\Develop03\Develop03.csproj", "{04E8E745-BEFC-4BB1-B56F-98507A8D24D6}"
EndProject
Project("{9A19103F-16F7-4668-BE54-9A1E7A4F7556}") = "Develop04", "prove\Develop04\Develop04.csproj", "{D35348B5-5F70-45D4-8884-844B93D512AD}"
EndProject
Project("{9A19103F-16F7-4668-BE54-9A1E7A4F7556}") = "Develop05", "prove\Develop05\Develop05.csproj", "{3EA526C7-F2F0-4A40-A14D-278032BE4B23}"
EndProject
Project("{2150E333-8FDC-42A3-9474-1A3956D46DE8}") = "sandbox", "sandbox", "{3673CD98-BE69-4841-980C-FFA016FCE827}"
EndProject
Project("{9A19103F-16F7-4668-BE54-9A1E7A4F7556}") = "Sandbox", "sandbox\Sandbox\Sandbox.csproj", "{762C7D49-3B19-4CAC-A32B-032A5C2B267E}"
EndProject
Global
	GlobalSection(SolutionConfigurationPlatforms) = preSolution
		Debug|Any CPU = Debug|Any CPU
		Release|Any CPU = Release|Any CPU
	EndGlobalSection
	GlobalSection(ProjectConfigurationPlatforms) = postSolution
		{04E9BE1C-BD9E-409B-BEDC-889246212BD8}.Debug|Any CPU.ActiveCfg = Debug|Any CPU
		{04E9BE1C-BD9E-409B-BEDC-889246212BD8}.Debug|Any CPU.Build.0 = Debug|Any CPU
		{04E9BE1C-BD9E-409B-BEDC-889246212BD8}.Release|Any CPU.ActiveCfg = Release|Any CPU
		{04E9BE1C-BD9E-409B-BEDC-889246212BD8}.Release|Any CPU.Build.0 = Release|Any CPU
		{AC9D40F4-EC90-4829-A781-EF2B0CB1391B}.Debug|Any CPU.ActiveCfg = Debug|Any CPU
		{AC9D40F4-EC90-4829-A781-EF2B0CB1391B}.Debug|Any CPU.Build.0 = Debug|Any CPU
		{AC9D40F4-EC90-4829-A781-EF2B0CB1391B}.Release|Any CPU.ActiveCfg = Release|Any CPU
		{AC9D40F4-EC90-4829-A781-EF2B0CB1391B}.Release|Any CPU.Build.0 = Release|Any CPU
		{39881FCA-70A5-45D7-81E8-628C2773B160}.Debug|Any CPU.ActiveCfg = Debug|Any CPU
		{39881FCA-70A5-45D7-81E8-628C2773B160}.Debug|Any CPU.Build.0 = Debug|Any CPU
		{39881FCA-70A5-45D7-81E8-628C2773B160}.Release|Any CPU.ActiveCfg = Release|Any CPU
		{39881FCA-70A5-45D7-81E8-628C2773B160}.Release|Any CPU.Build.0 = Release|Any CPU
		{9929CC6E-EBC0-4668-9EA0-DAF469BC49AE}.Debug|Any CPU.ActiveCfg = Debug|Any CPU
		{9929CC6E-EBC0-4668-9EA0-DAF469BC49AE}.Debug|Any CPU.Build.0 = Debug|Any CPU
		{9929CC6E-EBC0-4668-9EA0-DAF469BC49AE}.Release|Any CPU.ActiveCfg = Release|Any CPU
		{9929CC6E-EBC0-4668-9EA0-DAF469BC49AE}.Release|Any CPU.Build.0 = Release|Any CPU
		{A97BE385-49FF-4AFF-B30D-225EF22ABB1A}.Debug|Any CPU.ActiveCfg = Debug|Any CPU
		{A97BE385-49FF-4AFF-B30D-225EF22ABB1A}.Debug|Any CPU.Build.0 = Debug|Any CPU
		{A97BE385-49FF-4AFF-B30D-225EF22ABB1A}.Release|Any CPU.ActiveCfg = Release|Any CPU
		{A97BE385-49FF-4AFF-B30D-225EF22ABB1A}.Release|Any CPU.Build.0 = Release|Any CPU
		{F3B2A1EA-7E4A-4729-ADBC-210735119B54}.Debug|Any CPU.ActiveCfg = Debug|Any CPU
		{F3B2A1EA-7E4A-4729-ADBC-210735119B54}.Debug|Any CPU.Build.0 = Debug|Any CPU
		{F3B2A1EA-7E4A-4729-ADBC-210735119B54}.Release|Any CPU.ActiveCfg = Release|Any CPU
		{F3B2A1EA-7E4A-4729-ADBC-210735119B54}.Release|Any CPU.Build.0 = Release|Any CPU
		{26DB2000-7914-40A5-AB40-727653088C63}.Debug|Any CPU.ActiveCfg = Debug|Any CPU
		{26DB2000-7914-40A5-AB40-727653088C63}.Debug|Any CPU.Build.0 = Debug|Any CPU
		{26DB2000-7914-40A5-AB40-727653088C63}.Release|Any CPU.ActiveCfg = Release|Any CPU
		{26DB2000-7914-40A5-AB40-727653088C63}.Release|Any CPU.Build.0 = Release|Any CPU
		{F113D29F-BC57-43D1-BF60-781D785B60FA}.Debug|Any CPU.ActiveCfg = Debug|Any CPU
		{F113D29F-BC57-43D1-BF60-781D785B60FA}.Debug|Any CPU.Build.0 = Debug|Any CPU
		{F113D29F-BC57-43D1-BF60-781D785B60FA}.Release|Any CPU.ActiveCfg = Release|Any CPU
		{F113D29F-BC57-43D1-BF60-781D785B60FA}.Release|Any CPU.Build.0 = Release|Any CPU
		{C8A53FED-81FA-4F34-A043-5C4163DFBEEF}.Debug|Any CPU.ActiveCfg = Debug|Any CPU
		{C8A53FED-81FA-4F34-A043-5C4163DFBEEF}.Debug|Any CPU.Build.0 = Debug|Any CPU
		{C8A53FED-81FA-4F34-A043-5C4163DFBEEF}.Release|Any CPU.ActiveCfg = Release|Any CPU
		{C8A53FED-81FA-4F34-A043-5C4163DFBEEF}.Release|Any CPU.Build.0 = Release|Any CPU
		{B2950FB3-2CDA-4C5E-A1D0-8D8EB3565F3E}.Debug|Any CPU.ActiveCfg = Debug|Any CPU
		{B2950FB3-2CDA-4C5E-A1D0-8D8EB3565F3E}.Debug|Any CPU.Build.0 = Debug|Any CPU
		{B2950FB3-2CDA-4C5E-A1D0-8D8EB3565F3E}.Release|Any CPU.ActiveCfg = Release|Any CPU
		{B2950FB3-2CDA-4C5E-A1D0-8D8EB3565F3E}.Release|Any CPU.Build.0 = Release|Any CPU
		{ADA09436-398E-44E8-83D2-7FCF51232D06}.Debug|Any CPU.ActiveCfg = Debug|Any CPU
		{ADA09436-398E-44E8-83D2-7FCF51232D06}.Debug|Any CPU.Build.0 = Debug|Any CPU
		{ADA09436-398E-44E8-83D2-7FCF51232D06}.Release|Any CPU.ActiveCfg = Release|Any CPU
		{ADA09436-398E-44E8-83D2-7FCF51232D06}.Release|Any CPU.Build.0 = Release|Any CPU
		{75770F7B-88E4-4EF8-BB0B-ADCF1F889935}.Debug|Any CPU.ActiveCfg = Debug|Any CPU
		{75770F7B-88E4-4EF8-BB0B-ADCF1F889935}.Debug|Any CPU.Build.0 = Debug|Any CPU
		{75770F7B-88E4-4EF8-BB0B-ADCF1F889935}.Release|Any CPU.ActiveCfg = Release|Any CPU
		{75770F7B-88E4-4EF8-BB0B-ADCF1F889935}.Release|Any CPU.Build.0 = Release|Any CPU
		{3C73AAF2-88D5-4149-9443-AEF8087495FF}.Debug|Any CPU.ActiveCfg = Debug|Any CPU
		{3C73AAF2-88D5-4149-9443-AEF8087495FF}.Debug|Any CPU.Build.0 = Debug|Any CPU
		{3C73AAF2-88D5-4149-9443-AEF8087495FF}.Release|Any CPU.ActiveCfg = Release|Any CPU
		{3C73AAF2-88D5-4149-9443-AEF8087495FF}.Release|Any CPU.Build.0 = Release|Any CPU
		{2B8B8A3B-A652-49A2-B29A-9D390B935216}.Debug|Any CPU.ActiveCfg = Debug|Any CPU
		{2B8B8A3B-A652-49A2-B29A-9D390B935216}.Debug|Any CPU.Build.0 = Debug|Any CPU
		{2B8B8A3B-A652-49A2-B29A-9D390B935216}.Release|Any CPU.ActiveCfg = Release|Any CPU
		{2B8B8A3B-A652-49A2-B29A-9D390B935216}.Release|Any CPU.Build.0 = Release|Any CPU
		{26A01689-446D-4D2C-82E2-0DF32E595681}.Debug|Any CPU.ActiveCfg = Debug|Any CPU
		{26A01689-446D-4D2C-82E2-0DF32E595681}.Debug|Any CPU.Build.0 = Debug|Any CPU
		{26A01689-446D-4D2C-82E2-0DF32E595681}.Release|Any CPU.ActiveCfg = Release|Any CPU
		{26A01689-446D-4D2C-82E2-0DF32E595681}.Release|Any CPU.Build.0 = Release|Any CPU
		{04E8E745-BEFC-4BB1-B56F-98507A8D24D6}.Debug|Any CPU.ActiveCfg = Debug|Any CPU
		{04E8E745-BEFC-4BB1-B56F-98507A8D24D6}.Debug|Any CPU.Build.0 = Debug|Any CPU
		{04E8E745-BEFC-4BB1-B56F-98507A8D24D6}.Release|Any CPU.ActiveCfg = Release|Any CPU
		{04E8E745-BEFC-4BB1-B56F-98507A8D24D6}.Release|Any CPU.Build.0 = Release|Any CPU
		{D35348B5-5F70-45D4-8884-844B93D512AD}.Debug|Any CPU.ActiveCfg = Debug|Any CPU
		{D35348B5-5F70-45D4-8884-844B93D512AD}.Debug|Any CPU.Build.0 = Debug|Any CPU
		{D35348B5-5F70-45D4-8884-844B93D512AD}.Release|Any CPU.ActiveCfg = Release|Any CPU
		{D35348B5-5F70-45D4-8884-844B93D512AD}.Release|Any CPU.Build.0 = Release|Any CPU
		{3EA526C7-F2F0-4A40-A14D-278032BE4B23}.Debug|Any CPU.ActiveCfg = Debug|Any CPU
		{3EA526C7-F2F0-4A40-A14D-278032BE4B23}.Debug|Any CPU.Build.0 = Debug|Any CPU
		{3EA526C7-F2F0-4A40-A14D-278032BE4B23}.Release|Any CPU.ActiveCfg = Release|Any CPU
		{3EA526C7-F2F0-4A40-A14D-278032BE4B23}.Release|Any CPU.Build.0 = Release|Any CPU
		{762C7D49-3B19-4CAC-A32B-032A5C2B267E}.Debug|Any CPU.ActiveCfg = Debug|Any CPU
		{762C7D49-3B19-4CAC-A32B-032A5C2B267E}.Debug|Any CPU.Build.0 = Debug|Any CPU
		{762C7D49-3B19-4CAC-A32B-032A5C2B267E}.Release|Any CPU.ActiveCfg = Release|Any CPU
		{762C7D49-3B19-4CAC-A32B-032A5C2B267E}.Release|Any CPU.Build.0 = Release|Any CPU
	EndGlobalSection
	GlobalSection(SolutionProperties) = preSolution
		HideSolutionNode = FALSE
	EndGlobalSection
	GlobalSection(NestedProjects) = preSolution
		{04E9BE1C-BD9E-409B-BEDC-889246212BD8} = {11AB1F6A-144B-477B-B532-6A92111B1357}
		{AC9D40F4-EC90-4829-A781-EF2B0CB1391B} = {11AB1F6A-144B-477B-B532-6A92111B1357}
		{39881FCA-70A5-45D7-81E8-628C2773B160} = {11AB1F6A-144B-477B-B532-6A92111B1357}
		{9929CC6E-EBC0-4668-9EA0-DAF469BC49AE} = {11AB1F6A-144B-477B-B532-6A92111B1357}
		{A97BE385-49FF-4AFF-B30D-225EF22ABB1A} = {11AB1F6A-144B-477B-B532-6A92111B1357}
		{F3B2A1EA-7E4A-4729-ADBC-210735119B54} = {C91FBE00-E8A5-4DBE-A52B-EABDF329CFF9}
		{26DB2000-7914-40A5-AB40-727653088C63} = {C91FBE00-E8A5-4DBE-A52B-EABDF329CFF9}
		{F113D29F-BC57-43D1-BF60-781D785B60FA} = {C91FBE00-E8A5-4DBE-A52B-EABDF329CFF9}
		{C8A53FED-81FA-4F34-A043-5C4163DFBEEF} = {C91FBE00-E8A5-4DBE-A52B-EABDF329CFF9}
		{B2950FB3-2CDA-4C5E-A1D0-8D8EB3565F3E} = {C91FBE00-E8A5-4DBE-A52B-EABDF329CFF9}
		{ADA09436-398E-44E8-83D2-7FCF51232D06} = {7B267765-C921-40E8-9B9C-2365095C16B3}
		{75770F7B-88E4-4EF8-BB0B-ADCF1F889935} = {7B267765-C921-40E8-9B9C-2365095C16B3}
		{3C73AAF2-88D5-4149-9443-AEF8087495FF} = {7B267765-C921-40E8-9B9C-2365095C16B3}
		{2B8B8A3B-A652-49A2-B29A-9D390B935216} = {7B267765-C921-40E8-9B9C-2365095C16B3}
		{26A01689-446D-4D2C-82E2-0DF32E595681} = {AC48ECE3-2B56-4798-86AB-28B44524E387}
		{04E8E745-BEFC-4BB1-B56F-98507A8D24D6} = {AC48ECE3-2B56-4798-86AB-28B44524E387}
		{D35348B5-5F70-45D4-8884-844B93D512AD} = {AC48ECE3-2B56-4798-86AB-28B44524E387}
		{3EA526C7-F2F0-4A40-A14D-278032BE4B23} = {AC48ECE3-2B56-4798-86AB-28B44524E387}
		{762C7D49-3B19-4CAC-A32B-032A5C2B267E} = {3673CD98-BE69-4841-980C-FFA016FCE827}
	EndGlobalSection
	GlobalSection(ExtensibilityGlobals) = postSolution
		SolutionGuid = {41BB07C9-9F08-47FD-BDB4-3483A05A3F45}
	EndGlobalSection
EndGlobal
